
Microsoft Visual Studio Solution File, Format Version 12.00
# Visual Studio 14
VisualStudioVersion = 14.0.25420.1
MinimumVisualStudioVersion = 10.0.40219.1
Project("{FAE04EC0-301F-11D3-BF4B-00C04F79EFBC}") = "Aika", "Lukka\Aika.csproj", "{F7CF96C8-B323-4285-B96C-F81F4CBC009B}"
EndProject
Project("{54435603-DBB4-11D2-8724-00A0C9A8B90C}") = "Aika_App", "Yokerit\Yokerit.vdproj", "{DCF484A5-0029-4EB8-B3EB-4B1E6AF911B8}"
EndProject
Global
	GlobalSection(SolutionConfigurationPlatforms) = preSolution
		Debug|Any CPU = Debug|Any CPU
		Release|Any CPU = Release|Any CPU
	EndGlobalSection
	GlobalSection(ProjectConfigurationPlatforms) = postSolution
		{F7CF96C8-B323-4285-B96C-F81F4CBC009B}.Debug|Any CPU.ActiveCfg = Debug|Any CPU
		{F7CF96C8-B323-4285-B96C-F81F4CBC009B}.Debug|Any CPU.Build.0 = Debug|Any CPU
		{F7CF96C8-B323-4285-B96C-F81F4CBC009B}.Release|Any CPU.ActiveCfg = Release|Any CPU
		{F7CF96C8-B323-4285-B96C-F81F4CBC009B}.Release|Any CPU.Build.0 = Release|Any CPU
		{DCF484A5-0029-4EB8-B3EB-4B1E6AF911B8}.Debug|Any CPU.ActiveCfg = Debug
		{DCF484A5-0029-4EB8-B3EB-4B1E6AF911B8}.Release|Any CPU.ActiveCfg = Release
	EndGlobalSection
	GlobalSection(SolutionProperties) = preSolution
		HideSolutionNode = FALSE
	EndGlobalSection
EndGlobal
